
Microsoft Visual Studio Solution File, Format Version 12.00
# Visual Studio 15
VisualStudioVersion = 15.0.26124.0
MinimumVisualStudioVersion = 15.0.26124.0
Project("{FAE04EC0-301F-11D3-BF4B-00C04F79EFBC}") = "Space.Datatypes", "Space.Datatypes\Space.Datatypes.csproj", "{D097CA48-3C94-44CD-9312-8067EA0B885E}"
EndProject
Project("{FAE04EC0-301F-11D3-BF4B-00C04F79EFBC}") = "Space.Logic", "Space.Logic\Space.Logic.csproj", "{8C5EF56C-B507-449F-8606-AE3D840921B3}"
EndProject
Project("{2150E333-8FDC-42A3-9474-1A3956D46DE8}") = "Space.Tests", "Space.Tests", "{91AE6ED9-6F22-4886-9964-6DD6F3A16619}"
EndProject
Project("{FAE04EC0-301F-11D3-BF4B-00C04F79EFBC}") = "Space.Logic.Test", "Space.Tests\Space.Logic.Test\Space.Logic.Test.csproj", "{21699891-CBED-461B-BFA7-DFABC6EF71A4}"
EndProject
Project("{FAE04EC0-301F-11D3-BF4B-00C04F79EFBC}") = "Space.Linq", "Space.Linq\Space.Linq.csproj", "{43CCDAE1-CB47-4CF9-811A-C6F583668D0C}"
EndProject
Project("{FAE04EC0-301F-11D3-BF4B-00C04F79EFBC}") = "Space.Linq.Test", "Space.Tests\Space.Linq.Test\Space.Linq.Test.csproj", "{A9CB6B83-FB81-4CD2-AB30-DED2A9E5D23A}"
EndProject
Project("{FAE04EC0-301F-11D3-BF4B-00C04F79EFBC}") = "Space.View", "Space.View\Space.View.csproj", "{67292EBA-FC6B-4AF2-AD97-B13AB8EA5603}"
EndProject
Global
	GlobalSection(SolutionConfigurationPlatforms) = preSolution
		Debug|Any CPU = Debug|Any CPU
		Debug|x64 = Debug|x64
		Debug|x86 = Debug|x86
		Release|Any CPU = Release|Any CPU
		Release|x64 = Release|x64
		Release|x86 = Release|x86
	EndGlobalSection
	GlobalSection(SolutionProperties) = preSolution
		HideSolutionNode = FALSE
	EndGlobalSection
	GlobalSection(ProjectConfigurationPlatforms) = postSolution
		{D097CA48-3C94-44CD-9312-8067EA0B885E}.Debug|Any CPU.ActiveCfg = Debug|Any CPU
		{D097CA48-3C94-44CD-9312-8067EA0B885E}.Debug|Any CPU.Build.0 = Debug|Any CPU
		{D097CA48-3C94-44CD-9312-8067EA0B885E}.Debug|x64.ActiveCfg = Debug|Any CPU
		{D097CA48-3C94-44CD-9312-8067EA0B885E}.Debug|x64.Build.0 = Debug|Any CPU
		{D097CA48-3C94-44CD-9312-8067EA0B885E}.Debug|x86.ActiveCfg = Debug|Any CPU
		{D097CA48-3C94-44CD-9312-8067EA0B885E}.Debug|x86.Build.0 = Debug|Any CPU
		{D097CA48-3C94-44CD-9312-8067EA0B885E}.Release|Any CPU.ActiveCfg = Release|Any CPU
		{D097CA48-3C94-44CD-9312-8067EA0B885E}.Release|Any CPU.Build.0 = Release|Any CPU
		{D097CA48-3C94-44CD-9312-8067EA0B885E}.Release|x64.ActiveCfg = Release|Any CPU
		{D097CA48-3C94-44CD-9312-8067EA0B885E}.Release|x64.Build.0 = Release|Any CPU
		{D097CA48-3C94-44CD-9312-8067EA0B885E}.Release|x86.ActiveCfg = Release|Any CPU
		{D097CA48-3C94-44CD-9312-8067EA0B885E}.Release|x86.Build.0 = Release|Any CPU
		{8C5EF56C-B507-449F-8606-AE3D840921B3}.Debug|Any CPU.ActiveCfg = Debug|Any CPU
		{8C5EF56C-B507-449F-8606-AE3D840921B3}.Debug|Any CPU.Build.0 = Debug|Any CPU
		{8C5EF56C-B507-449F-8606-AE3D840921B3}.Debug|x64.ActiveCfg = Debug|Any CPU
		{8C5EF56C-B507-449F-8606-AE3D840921B3}.Debug|x64.Build.0 = Debug|Any CPU
		{8C5EF56C-B507-449F-8606-AE3D840921B3}.Debug|x86.ActiveCfg = Debug|Any CPU
		{8C5EF56C-B507-449F-8606-AE3D840921B3}.Debug|x86.Build.0 = Debug|Any CPU
		{8C5EF56C-B507-449F-8606-AE3D840921B3}.Release|Any CPU.ActiveCfg = Release|Any CPU
		{8C5EF56C-B507-449F-8606-AE3D840921B3}.Release|Any CPU.Build.0 = Release|Any CPU
		{8C5EF56C-B507-449F-8606-AE3D840921B3}.Release|x64.ActiveCfg = Release|Any CPU
		{8C5EF56C-B507-449F-8606-AE3D840921B3}.Release|x64.Build.0 = Release|Any CPU
		{8C5EF56C-B507-449F-8606-AE3D840921B3}.Release|x86.ActiveCfg = Release|Any CPU
		{8C5EF56C-B507-449F-8606-AE3D840921B3}.Release|x86.Build.0 = Release|Any CPU
		{43D38533-25AE-4177-BB92-2E9F5B68F2FF}.Debug|Any CPU.ActiveCfg = Debug|Any CPU
		{43D38533-25AE-4177-BB92-2E9F5B68F2FF}.Debug|Any CPU.Build.0 = Debug|Any CPU
		{43D38533-25AE-4177-BB92-2E9F5B68F2FF}.Debug|x64.ActiveCfg = Debug|Any CPU
		{43D38533-25AE-4177-BB92-2E9F5B68F2FF}.Debug|x64.Build.0 = Debug|Any CPU
		{43D38533-25AE-4177-BB92-2E9F5B68F2FF}.Debug|x86.ActiveCfg = Debug|Any CPU
		{43D38533-25AE-4177-BB92-2E9F5B68F2FF}.Debug|x86.Build.0 = Debug|Any CPU
		{43D38533-25AE-4177-BB92-2E9F5B68F2FF}.Release|Any CPU.ActiveCfg = Release|Any CPU
		{43D38533-25AE-4177-BB92-2E9F5B68F2FF}.Release|Any CPU.Build.0 = Release|Any CPU
		{43D38533-25AE-4177-BB92-2E9F5B68F2FF}.Release|x64.ActiveCfg = Release|Any CPU
		{43D38533-25AE-4177-BB92-2E9F5B68F2FF}.Release|x64.Build.0 = Release|Any CPU
		{43D38533-25AE-4177-BB92-2E9F5B68F2FF}.Release|x86.ActiveCfg = Release|Any CPU
		{43D38533-25AE-4177-BB92-2E9F5B68F2FF}.Release|x86.Build.0 = Release|Any CPU
		{21699891-CBED-461B-BFA7-DFABC6EF71A4}.Debug|Any CPU.ActiveCfg = Debug|Any CPU
		{21699891-CBED-461B-BFA7-DFABC6EF71A4}.Debug|Any CPU.Build.0 = Debug|Any CPU
		{21699891-CBED-461B-BFA7-DFABC6EF71A4}.Debug|x64.ActiveCfg = Debug|Any CPU
		{21699891-CBED-461B-BFA7-DFABC6EF71A4}.Debug|x64.Build.0 = Debug|Any CPU
		{21699891-CBED-461B-BFA7-DFABC6EF71A4}.Debug|x86.ActiveCfg = Debug|Any CPU
		{21699891-CBED-461B-BFA7-DFABC6EF71A4}.Debug|x86.Build.0 = Debug|Any CPU
		{21699891-CBED-461B-BFA7-DFABC6EF71A4}.Release|Any CPU.ActiveCfg = Release|Any CPU
		{21699891-CBED-461B-BFA7-DFABC6EF71A4}.Release|Any CPU.Build.0 = Release|Any CPU
		{21699891-CBED-461B-BFA7-DFABC6EF71A4}.Release|x64.ActiveCfg = Release|Any CPU
		{21699891-CBED-461B-BFA7-DFABC6EF71A4}.Release|x64.Build.0 = Release|Any CPU
		{21699891-CBED-461B-BFA7-DFABC6EF71A4}.Release|x86.ActiveCfg = Release|Any CPU
		{21699891-CBED-461B-BFA7-DFABC6EF71A4}.Release|x86.Build.0 = Release|Any CPU
		{43CCDAE1-CB47-4CF9-811A-C6F583668D0C}.Debug|Any CPU.ActiveCfg = Debug|Any CPU
		{43CCDAE1-CB47-4CF9-811A-C6F583668D0C}.Debug|Any CPU.Build.0 = Debug|Any CPU
		{43CCDAE1-CB47-4CF9-811A-C6F583668D0C}.Debug|x64.ActiveCfg = Debug|Any CPU
		{43CCDAE1-CB47-4CF9-811A-C6F583668D0C}.Debug|x64.Build.0 = Debug|Any CPU
		{43CCDAE1-CB47-4CF9-811A-C6F583668D0C}.Debug|x86.ActiveCfg = Debug|Any CPU
		{43CCDAE1-CB47-4CF9-811A-C6F583668D0C}.Debug|x86.Build.0 = Debug|Any CPU
		{43CCDAE1-CB47-4CF9-811A-C6F583668D0C}.Release|Any CPU.ActiveCfg = Release|Any CPU
		{43CCDAE1-CB47-4CF9-811A-C6F583668D0C}.Release|Any CPU.Build.0 = Release|Any CPU
		{43CCDAE1-CB47-4CF9-811A-C6F583668D0C}.Release|x64.ActiveCfg = Release|Any CPU
		{43CCDAE1-CB47-4CF9-811A-C6F583668D0C}.Release|x64.Build.0 = Release|Any CPU
		{43CCDAE1-CB47-4CF9-811A-C6F583668D0C}.Release|x86.ActiveCfg = Release|Any CPU
		{43CCDAE1-CB47-4CF9-811A-C6F583668D0C}.Release|x86.Build.0 = Release|Any CPU
		{A9CB6B83-FB81-4CD2-AB30-DED2A9E5D23A}.Debug|Any CPU.ActiveCfg = Debug|Any CPU
		{A9CB6B83-FB81-4CD2-AB30-DED2A9E5D23A}.Debug|Any CPU.Build.0 = Debug|Any CPU
		{A9CB6B83-FB81-4CD2-AB30-DED2A9E5D23A}.Debug|x64.ActiveCfg = Debug|Any CPU
		{A9CB6B83-FB81-4CD2-AB30-DED2A9E5D23A}.Debug|x64.Build.0 = Debug|Any CPU
		{A9CB6B83-FB81-4CD2-AB30-DED2A9E5D23A}.Debug|x86.ActiveCfg = Debug|Any CPU
		{A9CB6B83-FB81-4CD2-AB30-DED2A9E5D23A}.Debug|x86.Build.0 = Debug|Any CPU
		{A9CB6B83-FB81-4CD2-AB30-DED2A9E5D23A}.Release|Any CPU.ActiveCfg = Release|Any CPU
		{A9CB6B83-FB81-4CD2-AB30-DED2A9E5D23A}.Release|Any CPU.Build.0 = Release|Any CPU
		{A9CB6B83-FB81-4CD2-AB30-DED2A9E5D23A}.Release|x64.ActiveCfg = Release|Any CPU
		{A9CB6B83-FB81-4CD2-AB30-DED2A9E5D23A}.Release|x64.Build.0 = Release|Any CPU
		{A9CB6B83-FB81-4CD2-AB30-DED2A9E5D23A}.Release|x86.ActiveCfg = Release|Any CPU
		{A9CB6B83-FB81-4CD2-AB30-DED2A9E5D23A}.Release|x86.Build.0 = Release|Any CPU
		{67292EBA-FC6B-4AF2-AD97-B13AB8EA5603}.Debug|Any CPU.ActiveCfg = Debug|Any CPU
		{67292EBA-FC6B-4AF2-AD97-B13AB8EA5603}.Debug|Any CPU.Build.0 = Debug|Any CPU
		{67292EBA-FC6B-4AF2-AD97-B13AB8EA5603}.Debug|x64.ActiveCfg = Debug|Any CPU
		{67292EBA-FC6B-4AF2-AD97-B13AB8EA5603}.Debug|x64.Build.0 = Debug|Any CPU
		{67292EBA-FC6B-4AF2-AD97-B13AB8EA5603}.Debug|x86.ActiveCfg = Debug|Any CPU
		{67292EBA-FC6B-4AF2-AD97-B13AB8EA5603}.Debug|x86.Build.0 = Debug|Any CPU
		{67292EBA-FC6B-4AF2-AD97-B13AB8EA5603}.Release|Any CPU.ActiveCfg = Release|Any CPU
		{67292EBA-FC6B-4AF2-AD97-B13AB8EA5603}.Release|Any CPU.Build.0 = Release|Any CPU
		{67292EBA-FC6B-4AF2-AD97-B13AB8EA5603}.Release|x64.ActiveCfg = Release|Any CPU
		{67292EBA-FC6B-4AF2-AD97-B13AB8EA5603}.Release|x64.Build.0 = Release|Any CPU
		{67292EBA-FC6B-4AF2-AD97-B13AB8EA5603}.Release|x86.ActiveCfg = Release|Any CPU
		{67292EBA-FC6B-4AF2-AD97-B13AB8EA5603}.Release|x86.Build.0 = Release|Any CPU
	EndGlobalSection
	GlobalSection(NestedProjects) = preSolution
		{21699891-CBED-461B-BFA7-DFABC6EF71A4} = {91AE6ED9-6F22-4886-9964-6DD6F3A16619}
		{A9CB6B83-FB81-4CD2-AB30-DED2A9E5D23A} = {91AE6ED9-6F22-4886-9964-6DD6F3A16619}
	EndGlobalSection
EndGlobal
